
Microsoft Visual Studio Solution File, Format Version 12.00
# Visual Studio Version 16
VisualStudioVersion = 16.0.35130.168
MinimumVisualStudioVersion = 10.0.40219.1
Project("{FAE04EC0-301F-11D3-BF4B-00C04F79EFBC}") = "Manusha front Page", "Manusha front Page\Manusha front Page.csproj", "{60AF9E60-56A5-4852-9E1C-DF2ADC9EBE4E}"
EndProject
Global
	GlobalSection(SolutionConfigurationPlatforms) = preSolution
		Debug|Any CPU = Debug|Any CPU
		Release|Any CPU = Release|Any CPU
	EndGlobalSection
	GlobalSection(ProjectConfigurationPlatforms) = postSolution
		{60AF9E60-56A5-4852-9E1C-DF2ADC9EBE4E}.Debug|Any CPU.ActiveCfg = Debug|Any CPU
		{60AF9E60-56A5-4852-9E1C-DF2ADC9EBE4E}.Debug|Any CPU.Build.0 = Debug|Any CPU
		{60AF9E60-56A5-4852-9E1C-DF2ADC9EBE4E}.Release|Any CPU.ActiveCfg = Release|Any CPU
		{60AF9E60-56A5-4852-9E1C-DF2ADC9EBE4E}.Release|Any CPU.Build.0 = Release|Any CPU
	EndGlobalSection
	GlobalSection(SolutionProperties) = preSolution
		HideSolutionNode = FALSE
	EndGlobalSection
	GlobalSection(ExtensibilityGlobals) = postSolution
		SolutionGuid = {7394CE8D-2A1B-431C-A1FE-6945E55D8262}
	EndGlobalSection
EndGlobal
